
Microsoft Visual Studio Solution File, Format Version 12.00
# Visual Studio 14
VisualStudioVersion = 14.0.25420.1
MinimumVisualStudioVersion = 10.0.40219.1
Project("{FAE04EC0-301F-11D3-BF4B-00C04F79EFBC}") = "FiftyNum", "十五子\FiftyNum.csproj", "{EF59787E-CE58-44BA-AF92-2B4C1203DB88}"
EndProject
Global
	GlobalSection(SolutionConfigurationPlatforms) = preSolution
		Debug|Any CPU = Debug|Any CPU
		Release|Any CPU = Release|Any CPU
	EndGlobalSection
	GlobalSection(ProjectConfigurationPlatforms) = postSolution
		{EF59787E-CE58-44BA-AF92-2B4C1203DB88}.Debug|Any CPU.ActiveCfg = Debug|Any CPU
		{EF59787E-CE58-44BA-AF92-2B4C1203DB88}.Debug|Any CPU.Build.0 = Debug|Any CPU
		{EF59787E-CE58-44BA-AF92-2B4C1203DB88}.Release|Any CPU.ActiveCfg = Release|Any CPU
		{EF59787E-CE58-44BA-AF92-2B4C1203DB88}.Release|Any CPU.Build.0 = Release|Any CPU
	EndGlobalSection
	GlobalSection(SolutionProperties) = preSolution
		HideSolutionNode = FALSE
	EndGlobalSection
EndGlobal
